PODS:
  - AppLovinSDK (13.5.1)
  - Google-Mobile-Ads-SDK (12.14.0):
    - GoogleUserMessagingPlatform (>= 1.1)
  - GoogleAds-IMA-iOS-SDK (3.26.1)
  - GoogleUserMessagingPlatform (3.1.0)
  - PrebidMobile (3.0.2):
    - PrebidMobile/core (= 3.0.2)
  - PrebidMobile/core (3.0.2)
  - PrebidMobileAdMobAdapters (3.0.2):
    - Google-Mobile-Ads-SDK (>= 12.0.0)
    - PrebidMobile (= 3.0.2)
  - PrebidMobileGAMEventHandlers (3.0.2):
    - Google-Mobile-Ads-SDK (>= 12.0.0)
    - PrebidMobile (= 3.0.2)
  - PrebidMobileMAXAdapters (3.0.2):
    - AppLovinSDK
    - PrebidMobile (= 3.0.2)
  - Pubstar (1.5.0):
    - AppLovinSDK (~> 13.5.0)
    - Google-Mobile-Ads-SDK (~> 12.14.0)
    - GoogleAds-IMA-iOS-SDK (~> 3.26.1)
    - PrebidMobile (~> 3.0.2)
    - PrebidMobileAdMobAdapters (~> 3.0.2)
    - PrebidMobileGAMEventHandlers (~> 3.0.2)
    - PrebidMobileMAXAdapters (~> 3.0.2)

DEPENDENCIES:
  - Pubstar (from `https://github.com/pubstar-io/PubStar-SDK-iOS.git`, branch `main`)

SPEC REPOS:
  trunk:
    - AppLovinSDK
    - Google-Mobile-Ads-SDK
    - GoogleAds-IMA-iOS-SDK
    - GoogleUserMessagingPlatform
    - PrebidMobile
    - PrebidMobileAdMobAdapters
    - PrebidMobileGAMEventHandlers
    - PrebidMobileMAXAdapters

EXTERNAL SOURCES:
  Pubstar:
    :branch: main
    :git: https://github.com/pubstar-io/PubStar-SDK-iOS.git

CHECKOUT OPTIONS:
  Pubstar:
    :commit: 406048c8fb01acc09d1242b77bba27ed0a8061b3
    :git: https://github.com/pubstar-io/PubStar-SDK-iOS.git

SPEC CHECKSUMS:
  AppLovinSDK: 8d9af6c7617e4d35b38aa8393a3e9d161a74b230
  Google-Mobile-Ads-SDK: 4534fd2dfcd3f705c5485a6633c5188d03d4eed2
  GoogleAds-IMA-iOS-SDK: 10b8f194e7cd2714d4de9a0587c46c8aaf06c620
  GoogleUserMessagingPlatform: befe603da6501006420c206222acd449bba45a9c
  PrebidMobile: b30c7fc32ebfa6a300879b10b5d01eddcdfd9197
  PrebidMobileAdMobAdapters: 55e8847cd8d76dfd80a40db515e993f2f3a9dee8
  PrebidMobileGAMEventHandlers: dca1c07ae729a7e42c187c1f82fbc923afaf5dcb
  PrebidMobileMAXAdapters: cc51ab440458c4d7c9907afeea2fcfe54798b884
  Pubstar: 144eb49914c31f184c356eef45e3a3eb6a729c32

PODFILE CHECKSUM: 111550cebccaba39ce391cb811923995cce3be9e

COCOAPODS: 1.16.2
